
Microsoft Visual Studio Solution File, Format Version 12.00
# Visual Studio Version 17
VisualStudioVersion = 17.12.35514.174
MinimumVisualStudioVersion = 10.0.40219.1
Project("{FAE04EC0-301F-11D3-BF4B-00C04F79EFBC}") = "Ensek.API", "Ensek\Ensek.API.csproj", "{EB481E46-3555-44A8-B1FD-3D9CC9896432}"
	ProjectSection(ProjectDependencies) = postProject
		{095FFDB5-3335-43C0-84C7-D51DD74C290C} = {095FFDB5-3335-43C0-84C7-D51DD74C290C}
	EndProjectSection
EndProject
Project("{FAE04EC0-301F-11D3-BF4B-00C04F79EFBC}") = "Ensek.Domain", "Ensek.Domain\Ensek.Domain.csproj", "{095FFDB5-3335-43C0-84C7-D51DD74C290C}"
	ProjectSection(ProjectDependencies) = postProject
		{24A934CC-3E00-48E9-9ED7-A3B507A8FAF6} = {24A934CC-3E00-48E9-9ED7-A3B507A8FAF6}
	EndProjectSection
EndProject
Project("{FAE04EC0-301F-11D3-BF4B-00C04F79EFBC}") = "Ensek.Repository", "Ensek.Repository\Ensek.Repository.csproj", "{24A934CC-3E00-48E9-9ED7-A3B507A8FAF6}"
EndProject
Project("{FAE04EC0-301F-11D3-BF4B-00C04F79EFBC}") = "Ensek.Domain.Test", "Ensek.Domain.Test\Ensek.Domain.Test.csproj", "{BD59E06E-4C90-439A-B452-5E67FAAB3E93}"
	ProjectSection(ProjectDependencies) = postProject
		{095FFDB5-3335-43C0-84C7-D51DD74C290C} = {095FFDB5-3335-43C0-84C7-D51DD74C290C}
	EndProjectSection
EndProject
Global
	GlobalSection(SolutionConfigurationPlatforms) = preSolution
		Debug|Any CPU = Debug|Any CPU
		Release|Any CPU = Release|Any CPU
	EndGlobalSection
	GlobalSection(ProjectConfigurationPlatforms) = postSolution
		{EB481E46-3555-44A8-B1FD-3D9CC9896432}.Debug|Any CPU.ActiveCfg = Debug|Any CPU
		{EB481E46-3555-44A8-B1FD-3D9CC9896432}.Debug|Any CPU.Build.0 = Debug|Any CPU
		{EB481E46-3555-44A8-B1FD-3D9CC9896432}.Release|Any CPU.ActiveCfg = Release|Any CPU
		{EB481E46-3555-44A8-B1FD-3D9CC9896432}.Release|Any CPU.Build.0 = Release|Any CPU
		{095FFDB5-3335-43C0-84C7-D51DD74C290C}.Debug|Any CPU.ActiveCfg = Debug|Any CPU
		{095FFDB5-3335-43C0-84C7-D51DD74C290C}.Debug|Any CPU.Build.0 = Debug|Any CPU
		{095FFDB5-3335-43C0-84C7-D51DD74C290C}.Release|Any CPU.ActiveCfg = Release|Any CPU
		{095FFDB5-3335-43C0-84C7-D51DD74C290C}.Release|Any CPU.Build.0 = Release|Any CPU
		{24A934CC-3E00-48E9-9ED7-A3B507A8FAF6}.Debug|Any CPU.ActiveCfg = Debug|Any CPU
		{24A934CC-3E00-48E9-9ED7-A3B507A8FAF6}.Debug|Any CPU.Build.0 = Debug|Any CPU
		{24A934CC-3E00-48E9-9ED7-A3B507A8FAF6}.Release|Any CPU.ActiveCfg = Release|Any CPU
		{24A934CC-3E00-48E9-9ED7-A3B507A8FAF6}.Release|Any CPU.Build.0 = Release|Any CPU
		{BD59E06E-4C90-439A-B452-5E67FAAB3E93}.Debug|Any CPU.ActiveCfg = Debug|Any CPU
		{BD59E06E-4C90-439A-B452-5E67FAAB3E93}.Debug|Any CPU.Build.0 = Debug|Any CPU
		{BD59E06E-4C90-439A-B452-5E67FAAB3E93}.Release|Any CPU.ActiveCfg = Release|Any CPU
		{BD59E06E-4C90-439A-B452-5E67FAAB3E93}.Release|Any CPU.Build.0 = Release|Any CPU
	EndGlobalSection
	GlobalSection(SolutionProperties) = preSolution
		HideSolutionNode = FALSE
	EndGlobalSection
EndGlobal
